<?xml version="1.0" encoding="utf-8"?>
<Project ToolsVersion="4.0" xmlns="http://schemas.microsoft.com/developer/msbuild/2003">
  <ItemGroup>
    <Filter Include="Source Files">
      <UniqueIdentifier>{4FC737F1-C7A5-4376-A066-2A32D752A2FF}</UniqueIdentifier>
      <Extensions>cpp;c;cc;cxx;c++;cppm;ixx;def;odl;idl;hpj;bat;asm;asmx</Extensions>
    </Filter>
    <Filter Include="Header Files">
      <UniqueIdentifier>{93995380-89BD-4b04-88EB-625FBE52EBFB}</UniqueIdentifier>
      <Extensions>h;hh;hpp;hxx;h++;hm;inl;inc;ipp;xsd</Extensions>
    </Filter>
    <Filter Include="Resource Files">
      <UniqueIdentifier>{67DA6AB6-F800-4c08-8B7A-83BB121AAD01}</UniqueIdentifier>
      <Extensions>rc;ico;cur;bmp;dlg;rc2;rct;bin;rgs;gif;jpg;jpeg;jpe;resx;tiff;tif;png;wav;mfcribbon-ms</Extensions>
    </Filter>
    <Filter Include="Source Files\Source">
      <UniqueIdentifier>{0e3a2572-9b96-4fa6-b251-31725f9a4306}</UniqueIdentifier>
    </Filter>
    <Filter Include="Source Files\DX">
      <UniqueIdentifier>{cf163ae1-6c13-46c4-a259-b512af3c81b2}</UniqueIdentifier>
    </Filter>
    <Filter Include="Source Files\Assset">
      <UniqueIdentifier>{ee2fb9d2-00c1-46b9-8256-2d42d236d622}</UniqueIdentifier>
    </Filter>
    <Filter Include="Source Files\RHI">
      <UniqueIdentifier>{426ebda2-e1c1-4596-8e6f-30d43e92ac52}</UniqueIdentifier>
    </Filter>
  </ItemGroup>
  <ItemGroup>
    <ClCompile Include="Source\stdafx.cpp">
      <Filter>Source Files\Source</Filter>
    </ClCompile>
    <ClCompile Include="Source\Main.cpp">
      <Filter>Source Files\Source</Filter>
    </ClCompile>
    <ClCompile Include="Source\OldRenderer.cpp">
      <Filter>Source Files\Source</Filter>
    </ClCompile>
    <ClCompile Include="Source\DX\FrameResource.cpp">
      <Filter>Source Files\DX</Filter>
    </ClCompile>
    <ClCompile Include="Source\MathHelper.cpp">
      <Filter>Source Files\DX</Filter>
    </ClCompile>
    <ClCompile Include="Source\DX\D3DUtil.cpp">
      <Filter>Source Files\DX</Filter>
    </ClCompile>
    <ClCompile Include="Source\Camera.cpp">
      <Filter>Source Files\DX</Filter>
    </ClCompile>
    <ClCompile Include="Source\DX\DDSTextureLoader.cpp">
      <Filter>Source Files\DX</Filter>
    </ClCompile>
    <ClCompile Include="Source\Scene\AssetsManager.cpp">
      <Filter>Source Files\Assset</Filter>
    </ClCompile>
    <ClCompile Include="Source\Scene\Scene.cpp">
      <Filter>Source Files\Assset</Filter>
    </ClCompile>
    <ClCompile Include="Source\RHI\RHI.cpp">
      <Filter>Source Files</Filter>
    </ClCompile>
    <ClCompile Include="Source\RHI\DX12RHI.cpp">
      <Filter>Source Files</Filter>
    </ClCompile>
    <ClCompile Include="Source\Core\Engine.cpp">
      <Filter>Source Files</Filter>
    </ClCompile>
    <ClCompile Include="Source\Core\GameTimer.cpp">
      <Filter>Source Files</Filter>
    </ClCompile>
    <ClCompile Include="Source\Core\Input.cpp">
      <Filter>Source Files</Filter>
    </ClCompile>
    <ClCompile Include="Source\Core\Window.cpp">
      <Filter>Source Files</Filter>
    </ClCompile>
    <ClCompile Include="Source\Core\WindowWin32.cpp">
      <Filter>Source Files</Filter>
    </ClCompile>
    <ClCompile Include="Source\Core\Thread.cpp">
      <Filter>Source Files</Filter>
    </ClCompile>
    <ClCompile Include="Source\Core\RenderThread.cpp">
      <Filter>Source Files</Filter>
    </ClCompile>
    <ClCompile Include="Source\Core\Task.cpp">
      <Filter>Source Files</Filter>
    </ClCompile>
    <ClCompile Include="Source\Render\Renderer.cpp">
      <Filter>Source Files</Filter>
    </ClCompile>
    <ClCompile Include="Source\Render\ForwardRenderer.cpp">
      <Filter>Source Files</Filter>
    </ClCompile>
    <ClCompile Include="Source\Core\RenderScene.cpp">
      <Filter>Source Files</Filter>
    </ClCompile>
    <ClCompile Include="Source\DX\DescriptorHeap.cpp">
      <Filter>Source Files</Filter>
    </ClCompile>
    <ClCompile Include="Source\Core\Primitive.cpp">
      <Filter>Source Files</Filter>
    </ClCompile>
  </ItemGroup>
  <ItemGroup>
    <ClInclude Include="Source\stdafx.h">
      <Filter>Source Files\Source</Filter>
    </ClInclude>
    <ClInclude Include="Source\OldRenderer.h">
      <Filter>Source Files\Source</Filter>
    </ClInclude>
    <ClInclude Include="Source\DX\FrameResource.h">
      <Filter>Source Files\DX</Filter>
    </ClInclude>
    <ClInclude Include="Source\MathHelper.h">
      <Filter>Source Files\DX</Filter>
    </ClInclude>
    <ClInclude Include="Source\UploadBuffer.h">
      <Filter>Source Files\DX</Filter>
    </ClInclude>
    <ClInclude Include="Source\DX\D3DUtil.h">
      <Filter>Source Files\DX</Filter>
    </ClInclude>
    <ClInclude Include="Source\DX\d3dx12.h">
      <Filter>Source Files\DX</Filter>
    </ClInclude>
    <ClInclude Include="Source\Camera.h">
      <Filter>Source Files\DX</Filter>
    </ClInclude>
    <ClInclude Include="Source\DX\DDSTextureLoader.h">
      <Filter>Source Files\DX</Filter>
    </ClInclude>
    <ClInclude Include="Source\Material.h">
      <Filter>Source Files\Assset</Filter>
    </ClInclude>
    <ClInclude Include="Source\Texture.h">
      <Filter>Source Files\Assset</Filter>
    </ClInclude>
    <ClInclude Include="Source\Scene\Scene.h">
      <Filter>Source Files\Assset</Filter>
    </ClInclude>
    <ClInclude Include="Source\Scene\AssetsManager.h">
      <Filter>Source Files\Assset</Filter>
    </ClInclude>
    <ClInclude Include="Source\Mesh.h">
      <Filter>Source Files\Assset</Filter>
    </ClInclude>
    <ClInclude Include="Source\RHI\RHI.h">
      <Filter>Header Files</Filter>
    </ClInclude>
    <ClInclude Include="Source\RHI\DX12RHI.h">
      <Filter>Header Files</Filter>
    </ClInclude>
    <ClInclude Include="Source\Core\Engine.h">
      <Filter>Header Files</Filter>
    </ClInclude>
    <ClInclude Include="Source\Core\GameTimer.h">
      <Filter>Header Files</Filter>
    </ClInclude>
    <ClInclude Include="Source\Core\Input.h">
      <Filter>Header Files</Filter>
    </ClInclude>
    <ClInclude Include="Source\Core\Window.h">
      <Filter>Header Files</Filter>
    </ClInclude>
    <ClInclude Include="Source\Core\WindowWin32.h">
      <Filter>Header Files</Filter>
    </ClInclude>
    <ClInclude Include="Source\Core\Thread.h">
      <Filter>Header Files</Filter>
    </ClInclude>
    <ClInclude Include="Source\Core\RenderThread.h">
      <Filter>Header Files</Filter>
    </ClInclude>
    <ClInclude Include="Source\Core\Task.h">
      <Filter>Header Files</Filter>
    </ClInclude>
    <ClInclude Include="Source\Render\Renderer.h">
      <Filter>Header Files</Filter>
    </ClInclude>
    <ClInclude Include="Source\Render\ForwardRenderer.h">
      <Filter>Header Files</Filter>
    </ClInclude>
    <ClInclude Include="Source\Core\RenderScene.h">
      <Filter>Header Files</Filter>
    </ClInclude>
    <ClInclude Include="Source\DX\DescriptorHeap.h">
      <Filter>Header Files</Filter>
    </ClInclude>
    <ClInclude Include="Source\Core\Primitive.h">
      <Filter>Header Files</Filter>
    </ClInclude>
  </ItemGroup>
</Project>